
Microsoft Visual Studio Solution File, Format Version 12.00
# Visual Studio Version 17
VisualStudioVersion = 17.11.35303.130
MinimumVisualStudioVersion = 10.0.40219.1
Project("{FAE04EC0-301F-11D3-BF4B-00C04F79EFBC}") = "ThreadsForLoop", "ThreadsForLoop\ThreadsForLoop.csproj", "{738BB305-64AD-45EB-B714-4C72AEBA885F}"
EndProject
Project("{FAE04EC0-301F-11D3-BF4B-00C04F79EFBC}") = "MergeSortUsingThreads", "MergeSort\MergeSortUsingThreads.csproj", "{D04F41CE-C02A-41EE-B7F1-DE1924FCEBE2}"
EndProject
Project("{FAE04EC0-301F-11D3-BF4B-00C04F79EFBC}") = "AdderSubtractorProblemOfSynchronization", "ProblemOfSynchronization\AdderSubtractorProblemOfSynchronization.csproj", "{83432286-0BDD-40C1-925D-C162B027F1FA}"
EndProject
Project("{FAE04EC0-301F-11D3-BF4B-00C04F79EFBC}") = "AdderSubtractorSync", "AdderSubtractorSync\AdderSubtractorSync.csproj", "{BCFC1C85-FDD7-46F9-9E08-672719310557}"
EndProject
Project("{FAE04EC0-301F-11D3-BF4B-00C04F79EFBC}") = "AdderSubtractorWithLockMethod", "AdderSubtractorWithLockMethod\AdderSubtractorWithLockMethod.csproj", "{759CA28C-D07F-4B57-B15D-2447DD43B479}"
EndProject
Project("{FAE04EC0-301F-11D3-BF4B-00C04F79EFBC}") = "ProducerConsumerProblem", "ProducerConsumerProblem\ProducerConsumerProblem.csproj", "{B7B4152D-CE09-4267-8A4B-792803084B91}"
EndProject
Project("{FAE04EC0-301F-11D3-BF4B-00C04F79EFBC}") = "ProducerConsumerWithLock", "ProducerConsumerWithLock\ProducerConsumerWithLock.csproj", "{AAE8B597-9A93-444E-97E5-A3799841C201}"
EndProject
Project("{FAE04EC0-301F-11D3-BF4B-00C04F79EFBC}") = "ProducerConsumerWithSemaphore", "ProducerConsumerWithSemaphore\ProducerConsumerWithSemaphore.csproj", "{28CFB972-1F45-43C3-A675-67FA48F2109D}"
EndProject
Global
	GlobalSection(SolutionConfigurationPlatforms) = preSolution
		Debug|Any CPU = Debug|Any CPU
		Release|Any CPU = Release|Any CPU
	EndGlobalSection
	GlobalSection(ProjectConfigurationPlatforms) = postSolution
		{738BB305-64AD-45EB-B714-4C72AEBA885F}.Debug|Any CPU.ActiveCfg = Debug|Any CPU
		{738BB305-64AD-45EB-B714-4C72AEBA885F}.Debug|Any CPU.Build.0 = Debug|Any CPU
		{738BB305-64AD-45EB-B714-4C72AEBA885F}.Release|Any CPU.ActiveCfg = Release|Any CPU
		{738BB305-64AD-45EB-B714-4C72AEBA885F}.Release|Any CPU.Build.0 = Release|Any CPU
		{D04F41CE-C02A-41EE-B7F1-DE1924FCEBE2}.Debug|Any CPU.ActiveCfg = Debug|Any CPU
		{D04F41CE-C02A-41EE-B7F1-DE1924FCEBE2}.Debug|Any CPU.Build.0 = Debug|Any CPU
		{D04F41CE-C02A-41EE-B7F1-DE1924FCEBE2}.Release|Any CPU.ActiveCfg = Release|Any CPU
		{D04F41CE-C02A-41EE-B7F1-DE1924FCEBE2}.Release|Any CPU.Build.0 = Release|Any CPU
		{83432286-0BDD-40C1-925D-C162B027F1FA}.Debug|Any CPU.ActiveCfg = Debug|Any CPU
		{83432286-0BDD-40C1-925D-C162B027F1FA}.Debug|Any CPU.Build.0 = Debug|Any CPU
		{83432286-0BDD-40C1-925D-C162B027F1FA}.Release|Any CPU.ActiveCfg = Release|Any CPU
		{83432286-0BDD-40C1-925D-C162B027F1FA}.Release|Any CPU.Build.0 = Release|Any CPU
		{BCFC1C85-FDD7-46F9-9E08-672719310557}.Debug|Any CPU.ActiveCfg = Debug|Any CPU
		{BCFC1C85-FDD7-46F9-9E08-672719310557}.Debug|Any CPU.Build.0 = Debug|Any CPU
		{BCFC1C85-FDD7-46F9-9E08-672719310557}.Release|Any CPU.ActiveCfg = Release|Any CPU
		{BCFC1C85-FDD7-46F9-9E08-672719310557}.Release|Any CPU.Build.0 = Release|Any CPU
		{759CA28C-D07F-4B57-B15D-2447DD43B479}.Debug|Any CPU.ActiveCfg = Debug|Any CPU
		{759CA28C-D07F-4B57-B15D-2447DD43B479}.Debug|Any CPU.Build.0 = Debug|Any CPU
		{759CA28C-D07F-4B57-B15D-2447DD43B479}.Release|Any CPU.ActiveCfg = Release|Any CPU
		{759CA28C-D07F-4B57-B15D-2447DD43B479}.Release|Any CPU.Build.0 = Release|Any CPU
		{B7B4152D-CE09-4267-8A4B-792803084B91}.Debug|Any CPU.ActiveCfg = Debug|Any CPU
		{B7B4152D-CE09-4267-8A4B-792803084B91}.Debug|Any CPU.Build.0 = Debug|Any CPU
		{B7B4152D-CE09-4267-8A4B-792803084B91}.Release|Any CPU.ActiveCfg = Release|Any CPU
		{B7B4152D-CE09-4267-8A4B-792803084B91}.Release|Any CPU.Build.0 = Release|Any CPU
		{AAE8B597-9A93-444E-97E5-A3799841C201}.Debug|Any CPU.ActiveCfg = Debug|Any CPU
		{AAE8B597-9A93-444E-97E5-A3799841C201}.Debug|Any CPU.Build.0 = Debug|Any CPU
		{AAE8B597-9A93-444E-97E5-A3799841C201}.Release|Any CPU.ActiveCfg = Release|Any CPU
		{AAE8B597-9A93-444E-97E5-A3799841C201}.Release|Any CPU.Build.0 = Release|Any CPU
		{28CFB972-1F45-43C3-A675-67FA48F2109D}.Debug|Any CPU.ActiveCfg = Debug|Any CPU
		{28CFB972-1F45-43C3-A675-67FA48F2109D}.Debug|Any CPU.Build.0 = Debug|Any CPU
		{28CFB972-1F45-43C3-A675-67FA48F2109D}.Release|Any CPU.ActiveCfg = Release|Any CPU
		{28CFB972-1F45-43C3-A675-67FA48F2109D}.Release|Any CPU.Build.0 = Release|Any CPU
	EndGlobalSection
	GlobalSection(SolutionProperties) = preSolution
		HideSolutionNode = FALSE
	EndGlobalSection
	GlobalSection(ExtensibilityGlobals) = postSolution
		SolutionGuid = {99641D16-501F-4646-B1E6-72290B08AB6C}
	EndGlobalSection
EndGlobal
